{
  "nodes": {
    "fenix": {
      "inputs": {
        "nixpkgs": [
          "nixpkgs"
        ],
        "rust-analyzer-src": "rust-analyzer-src"
      },
      "locked": {
        "lastModified": 1704176544,
        "narHash": "sha256-A6PfA1DB6cF3cQerysGK8zIumGTrXucdHoFRU+8H7Lc=",
        "owner": "nix-community",
        "repo": "fenix",
        "rev": "54df821cae7bd492a049ef213336810247128110",
        "type": "github"
      },
      "original": {
        "owner": "nix-community",
        "repo": "fenix",
        "type": "github"
      }
    },
    "nixpkgs": {
      "locked": {
        "lastModified": 1704177376,
        "narHash": "sha256-6AV8TWX/juwV8delRDtlbUzi1X8irrtCfrtcYByVhCs=",
        "owner": "NixOS",
        "repo": "nixpkgs",
        "rev": "e2e36d8af3b7c465311f11913b7dedd209633c84",
        "type": "github"
      },
      "original": {
        "owner": "NixOS",
        "ref": "nixos-unstable-small",
        "repo": "nixpkgs",
        "type": "github"
      }
    },
    "root": {
      "inputs": {
        "fenix": "fenix",
        "nixpkgs": "nixpkgs"
      }
    },
    "rust-analyzer-src": {
      "flake": false,
      "locked": {
        "lastModified": 1704114818,
        "narHash": "sha256-/0gMZ32JaUTQ0THA/S9rcQSAmEKfL3hGorX5En8lG98=",
        "owner": "rust-lang",
        "repo": "rust-analyzer",
        "rev": "a8d935eedc80df8b453d90539cbe78b7e2c75e3c",
        "type": "github"
      },
      "original": {
        "owner": "rust-lang",
        "ref": "nightly",
        "repo": "rust-analyzer",
        "type": "github"
      }
    }
  },
  "root": "root",
  "version": 7
}
